
Microsoft Visual Studio Solution File, Format Version 12.00
# Visual Studio Version 16
VisualStudioVersion = 16.0.29123.88
MinimumVisualStudioVersion = 10.0.40219.1
Project("{9A19103F-16F7-4668-BE54-9A1E7A4F7556}") = "Iwannago", "Iwannago\Iwannago.csproj", "{2399403A-9A8E-42E5-A706-0F32F0C2ED43}"
EndProject
Project("{9A19103F-16F7-4668-BE54-9A1E7A4F7556}") = "Iwannago.Tests", "Iwannago.Tests\Iwannago.Tests.csproj", "{D5707ECB-6F8B-4E39-A421-A9982E628C57}"
EndProject
Project("{9A19103F-16F7-4668-BE54-9A1E7A4F7556}") = "Iwannago.Api", "Iwannago.Api\Iwannago.Api.csproj", "{3465FCFD-E4F9-4EBD-90AD-001E52AC7664}"
EndProject
Project("{9A19103F-16F7-4668-BE54-9A1E7A4F7556}") = "Iwannago.Data.EntityFrameworkCore", "Iwannago.Data.SqlServer\Iwannago.Data.EntityFrameworkCore.csproj", "{04FF5883-2960-4A92-AFB7-3A2883996F0E}"
EndProject
Project("{9A19103F-16F7-4668-BE54-9A1E7A4F7556}") = "Iwannago.Data.Core", "Iwannago.Data.Core\Iwannago.Data.Core.csproj", "{61A7EAD5-33C8-4BAB-A03F-87E02C438845}"
EndProject
Global
	GlobalSection(SolutionConfigurationPlatforms) = preSolution
		Debug|Any CPU = Debug|Any CPU
		Release|Any CPU = Release|Any CPU
	EndGlobalSection
	GlobalSection(ProjectConfigurationPlatforms) = postSolution
		{2399403A-9A8E-42E5-A706-0F32F0C2ED43}.Debug|Any CPU.ActiveCfg = Debug|Any CPU
		{2399403A-9A8E-42E5-A706-0F32F0C2ED43}.Debug|Any CPU.Build.0 = Debug|Any CPU
		{2399403A-9A8E-42E5-A706-0F32F0C2ED43}.Release|Any CPU.ActiveCfg = Release|Any CPU
		{2399403A-9A8E-42E5-A706-0F32F0C2ED43}.Release|Any CPU.Build.0 = Release|Any CPU
		{D5707ECB-6F8B-4E39-A421-A9982E628C57}.Debug|Any CPU.ActiveCfg = Debug|Any CPU
		{D5707ECB-6F8B-4E39-A421-A9982E628C57}.Debug|Any CPU.Build.0 = Debug|Any CPU
		{D5707ECB-6F8B-4E39-A421-A9982E628C57}.Release|Any CPU.ActiveCfg = Release|Any CPU
		{D5707ECB-6F8B-4E39-A421-A9982E628C57}.Release|Any CPU.Build.0 = Release|Any CPU
		{3465FCFD-E4F9-4EBD-90AD-001E52AC7664}.Debug|Any CPU.ActiveCfg = Debug|Any CPU
		{3465FCFD-E4F9-4EBD-90AD-001E52AC7664}.Debug|Any CPU.Build.0 = Debug|Any CPU
		{3465FCFD-E4F9-4EBD-90AD-001E52AC7664}.Release|Any CPU.ActiveCfg = Release|Any CPU
		{3465FCFD-E4F9-4EBD-90AD-001E52AC7664}.Release|Any CPU.Build.0 = Release|Any CPU
		{04FF5883-2960-4A92-AFB7-3A2883996F0E}.Debug|Any CPU.ActiveCfg = Debug|Any CPU
		{04FF5883-2960-4A92-AFB7-3A2883996F0E}.Debug|Any CPU.Build.0 = Debug|Any CPU
		{04FF5883-2960-4A92-AFB7-3A2883996F0E}.Release|Any CPU.ActiveCfg = Release|Any CPU
		{04FF5883-2960-4A92-AFB7-3A2883996F0E}.Release|Any CPU.Build.0 = Release|Any CPU
		{61A7EAD5-33C8-4BAB-A03F-87E02C438845}.Debug|Any CPU.ActiveCfg = Debug|Any CPU
		{61A7EAD5-33C8-4BAB-A03F-87E02C438845}.Debug|Any CPU.Build.0 = Debug|Any CPU
		{61A7EAD5-33C8-4BAB-A03F-87E02C438845}.Release|Any CPU.ActiveCfg = Release|Any CPU
		{61A7EAD5-33C8-4BAB-A03F-87E02C438845}.Release|Any CPU.Build.0 = Release|Any CPU
	EndGlobalSection
	GlobalSection(SolutionProperties) = preSolution
		HideSolutionNode = FALSE
	EndGlobalSection
	GlobalSection(ExtensibilityGlobals) = postSolution
		SolutionGuid = {4C3B616A-B3BB-4170-BB85-543BC7BBAF85}
	EndGlobalSection
EndGlobal
